
Microsoft Visual Studio Solution File, Format Version 12.00
# Visual Studio 15
VisualStudioVersion = 15.0.27703.1
MinimumVisualStudioVersion = 10.0.40219.1
Project("{FAE04EC0-301F-11D3-BF4B-00C04F79EFBC}") = "Wake.Up.Func", "Wake.Up.Func\Wake.Up.Func.csproj", "{98AC5443-E9ED-4B58-8094-4E96A6B06AFE}"
EndProject
Global
	GlobalSection(SolutionConfigurationPlatforms) = preSolution
		Debug|Any CPU = Debug|Any CPU
		Release|Any CPU = Release|Any CPU
	EndGlobalSection
	GlobalSection(ProjectConfigurationPlatforms) = postSolution
		{98AC5443-E9ED-4B58-8094-4E96A6B06AFE}.Debug|Any CPU.ActiveCfg = Debug|Any CPU
		{98AC5443-E9ED-4B58-8094-4E96A6B06AFE}.Debug|Any CPU.Build.0 = Debug|Any CPU
		{98AC5443-E9ED-4B58-8094-4E96A6B06AFE}.Release|Any CPU.ActiveCfg = Release|Any CPU
		{98AC5443-E9ED-4B58-8094-4E96A6B06AFE}.Release|Any CPU.Build.0 = Release|Any CPU
	EndGlobalSection
	GlobalSection(SolutionProperties) = preSolution
		HideSolutionNode = FALSE
	EndGlobalSection
	GlobalSection(ExtensibilityGlobals) = postSolution
		SolutionGuid = {EF806D78-2DFC-4DD4-8A0D-CEA3F6E29101}
	EndGlobalSection
EndGlobal
